{
  "requires": true,
  "lockfileVersion": 1,
  "dependencies": {
    "object-assign": {
      "version": "4.1.1",
      "resolved": "https://registry.npmjs.org/object-assign/-/object-assign-4.1.1.tgz",
      "integrity": "sha1-IQmtx5ZYh8/AXLvUQsrIv7s2CGM="
    },
    "react-timeago": {
      "version": "3.0.0-beta.3",
      "resolved": "https://registry.npmjs.org/react-timeago/-/react-timeago-3.0.0-beta.3.tgz",
      "integrity": "sha1-oM/fJdLcXGZOIE3MT1DKsTySK4o=",
      "requires": {
        "object-assign": "^4.0.1"
      }
    }
  }
}
